
Microsoft Visual Studio Solution File, Format Version 12.00
# Visual Studio Version 16
VisualStudioVersion = 16.0.30717.126
MinimumVisualStudioVersion = 10.0.40219.1
Project("{FAE04EC0-301F-11D3-BF4B-00C04F79EFBC}") = "ModLoaderAmongUs", "ModLoaderAmongUs.csproj", "{52BF82C0-919F-435C-986A-26C9CFEAF04D}"
EndProject
Global
	GlobalSection(SolutionConfigurationPlatforms) = preSolution
		Debug|Any CPU = Debug|Any CPU
		Release|Any CPU = Release|Any CPU
	EndGlobalSection
	GlobalSection(ProjectConfigurationPlatforms) = postSolution
		{52BF82C0-919F-435C-986A-26C9CFEAF04D}.Debug|Any CPU.ActiveCfg = Debug|Any CPU
		{52BF82C0-919F-435C-986A-26C9CFEAF04D}.Debug|Any CPU.Build.0 = Debug|Any CPU
		{52BF82C0-919F-435C-986A-26C9CFEAF04D}.Release|Any CPU.ActiveCfg = Release|Any CPU
		{52BF82C0-919F-435C-986A-26C9CFEAF04D}.Release|Any CPU.Build.0 = Release|Any CPU
	EndGlobalSection
	GlobalSection(SolutionProperties) = preSolution
		HideSolutionNode = FALSE
	EndGlobalSection
	GlobalSection(ExtensibilityGlobals) = postSolution
		SolutionGuid = {FDCEC386-C2FC-4C44-A5EA-9238348B50EE}
	EndGlobalSection
EndGlobal
